
Microsoft Visual Studio Solution File, Format Version 12.00
# Visual Studio Version 16
VisualStudioVersion = 16.0.30517.126
MinimumVisualStudioVersion = 10.0.40219.1
Project("{FAE04EC0-301F-11D3-BF4B-00C04F79EFBC}") = "Rekrut", "Rekrut.csproj", "{0CC1274C-45B5-4DFD-9B51-DEA61B47FE1E}"
EndProject
Global
	GlobalSection(SolutionConfigurationPlatforms) = preSolution
		Debug|Any CPU = Debug|Any CPU
		Release|Any CPU = Release|Any CPU
	EndGlobalSection
	GlobalSection(ProjectConfigurationPlatforms) = postSolution
		{0CC1274C-45B5-4DFD-9B51-DEA61B47FE1E}.Debug|Any CPU.ActiveCfg = Debug|Any CPU
		{0CC1274C-45B5-4DFD-9B51-DEA61B47FE1E}.Debug|Any CPU.Build.0 = Debug|Any CPU
		{0CC1274C-45B5-4DFD-9B51-DEA61B47FE1E}.Release|Any CPU.ActiveCfg = Release|Any CPU
		{0CC1274C-45B5-4DFD-9B51-DEA61B47FE1E}.Release|Any CPU.Build.0 = Release|Any CPU
	EndGlobalSection
	GlobalSection(SolutionProperties) = preSolution
		HideSolutionNode = FALSE
	EndGlobalSection
	GlobalSection(ExtensibilityGlobals) = postSolution
		SolutionGuid = {0AA95295-BC2E-4C6E-84A8-0F56F92A4F9F}
	EndGlobalSection
EndGlobal
